{
  "meteor": {},
  "dependencies": {
    "basePackages": {
      "iron-router": {},
      "spin": {},
      "accounts-ui-bootstrap-dropdown": {},
      "bootstrap-3": {},
      "accounts-ui-bootstrap-3": {},
      "moment": {},
      "iron-router-progress": {},
      "medium-editor-updated": {},
      "jquery-masonry": {},
      "isotope-repackaged": {},
      "bootboxjs": {},
      "masonrify": {},
      "medium-editor": {},
      "method-pagination": {},
      "pages": {},
      "select2-bootstrap3-css": {},
      "user-status": {},
      "ms-seo": {},
      "cloudinary": {},
      "kadira": {},
      "sitemaps": {},
      "rssfeed": {},
      "select2": {}
    },
    "packages": {
      "iron-router": {
        "git": "https://github.com/EventedMind/iron-router.git",
        "tag": "v0.7.1",
        "commit": "d1ffb3f06ea4c112132b030f2eb1a70b81675ecb"
      },
      "spin": {
        "git": "https://github.com/SachaG/meteor-spin.git",
        "tag": "v0.2.2",
        "commit": "3f655f0016228e4195acc784c45d3e3a247dc39f"
      },
      "accounts-ui-bootstrap-dropdown": {
        "git": "https://github.com/erobit/meteor-accounts-ui-bootstrap-dropdown.git",
        "tag": "v0.8.3",
        "commit": "a7af8a52e4e74db020a69b158a8f992797b8b0b0"
      },
      "bootstrap-3": {
        "git": "https://github.com/mangasocial/meteor-bootstrap-3.git",
        "tag": "v3.2.0-1",
        "commit": "17a63902fc6cf1096c5289d963c66cf28b474727"
      },
      "accounts-ui-bootstrap-3": {
        "git": "https://github.com/mangasocial/meteor-accounts-ui-bootstrap-3.git",
        "tag": "v0.3.3",
        "commit": "2e50b605d8d5ed68e48c4529a65f13552d8af3f9"
      },
      "moment": {
        "git": "https://github.com/acreeger/meteor-moment.git",
        "tag": "v2.6.0",
        "commit": "26156df681750fd6e6ed77043eef32b6653ebbdf"
      },
      "iron-router-progress": {
        "git": "https://github.com/Multiply/iron-router-progress.git",
        "tag": "v0.4.1",
        "commit": "496fcda9a6ec352b4733725f60c6f280250c3541"
      },
      "medium-editor-updated": {
        "git": "https://github.com/donflopez/meteor-medium-editor.git",
        "tag": "v1.2.0",
        "commit": "6d2f34b560b2682341aae23fc78251ccea504cd8"
      },
      "jquery-masonry": {
        "git": "https://github.com/waltyuyu/meteor-jquery-masonry.git",
        "tag": "v0.1.0",
        "commit": "ec514fa4440f3cd77f5f567f25be27dc38ab57fa"
      },
      "isotope-repackaged": {
        "git": "https://github.com/mangasocial/meteor-isotope-repackaged.git",
        "tag": "v0.0.2",
        "commit": "b94e1f6b12237f46ef59a0f0477453e96adcd42f"
      },
      "bootboxjs": {
        "git": "https://github.com/TimHeckel/meteor-bootboxjs.git",
        "tag": "v4.2.0",
        "commit": "2b7d18ad028d9e7b37238ecf2a8a7970735cebd1"
      },
      "masonrify": {
        "git": "https://github.com/voodoohop/meteor-masonrify.git",
        "tag": "v0.0.3",
        "commit": "e7a5e71a4193bd68a7bae4c250931147659b5dcb"
      },
      "medium-editor": {
        "git": "https://github.com/DenisGorbachev/medium-editor.git",
        "tag": "v1.1.2",
        "commit": "46bc982ba7824b4ecdb67b13ff6c54f9e96963cd"
      },
      "method-pagination": {
        "git": "https://github.com/Zaku-eu/meteor-method-pagination.git",
        "tag": "v0.6.0",
        "commit": "1e58509e893beb2b568b90d63896d4cbeb0ee11b"
      },
      "pages": {
        "git": "https://github.com/alethes/meteor-pages.git",
        "tag": "v1.0.20",
        "commit": "717cbac89f02d2f1bb160b24c997050ce2dee45e"
      },
      "select2-bootstrap3-css": {
        "git": "https://github.com/esperadomedia/meteor-select2-bootstrap3-css.git",
        "tag": "v0.0.5",
        "commit": "ac0c74d4b110c4c5149f17bb33c3e9bb4f77eb88"
      },
      "user-status": {
        "git": "https://github.com/mizzao/meteor-user-status.git",
        "tag": "v0.6.0",
        "commit": "dba80d742522ac104f2155f1db852922e4249f96"
      },
      "ms-seo": {
        "git": "https://github.com/DerMambo/ms-seo",
        "tag": "v0.2.6",
        "commit": "1a4ba31a1f6f29009d3941e9dd883829ff4e4b8b"
      },
      "cloudinary": {
        "git": "https://github.com/Lepozepo/cloudinary.git",
        "tag": "v2.0.0",
        "commit": "b415d480afd8af90c52bd1b6b7d594d1196abc0d"
      },
      "kadira": {
        "git": "https://github.com/meteorhacks/kadira.git",
        "tag": "v2.4.8",
        "commit": "5f4437af113537def34484c7b7a2a5e4d60847a9"
      },
      "sitemaps": {
        "git": "https://github.com/gadicohen/meteor-sitemaps.git",
        "tag": "v0.0.16",
        "commit": "ed4d908c581071d1302b37c6ba77dbce55333dd3"
      },
      "rssfeed": {
        "git": "https://github.com/raix/Meteor-rssfeed.git",
        "tag": "v0.0.4",
        "commit": "e592cda10c553209491aa08c74096fc4ddefe3d7"
      },
      "select2": {
        "git": "https://github.com/nate-strauser/meteor-select2.git",
        "tag": "v3.4.5",
        "commit": "4a8d05582b949a14f0ee217c185166abbf112822"
      },
      "blaze-layout": {
        "git": "https://github.com/EventedMind/blaze-layout.git",
        "tag": "v0.2.4",
        "commit": "b40e9b0612329288d75cf52ad14a7da64bb8618f"
      },
      "timesync": {
        "git": "https://github.com/mizzao/meteor-timesync.git",
        "tag": "v0.2.1",
        "commit": "fa4abd511f4e32a3c5d22795ce2c1e8369428fac"
      },
      "streams": {
        "git": "https://github.com/arunoda/meteor-streams.git",
        "tag": "v0.1.17",
        "commit": "9fcbbc9b7bf542827babc92089c19e730892a22f"
      },
      "robots-txt": {
        "git": "https://github.com/gadicohen/meteor-robots.txt.git",
        "tag": "v0.0.8",
        "commit": "dc1be195b8c0cf7d6263235484218911e1bf27d9"
      }
    }
  }
}
